
Microsoft Visual Studio Solution File, Format Version 12.00
# Visual Studio Version 17
VisualStudioVersion = 17.0.32112.339
MinimumVisualStudioVersion = 10.0.40219.1
Project("{9A19103F-16F7-4668-BE54-9A1E7A4F7556}") = "GymWeb", "GymWeb\GymWeb.csproj", "{939FB818-68DF-4FFC-B251-8FA8BBBF1C02}"
EndProject
Global
	GlobalSection(SolutionConfigurationPlatforms) = preSolution
		Debug|Any CPU = Debug|Any CPU
		Release|Any CPU = Release|Any CPU
	EndGlobalSection
	GlobalSection(ProjectConfigurationPlatforms) = postSolution
		{939FB818-68DF-4FFC-B251-8FA8BBBF1C02}.Debug|Any CPU.ActiveCfg = Debug|Any CPU
		{939FB818-68DF-4FFC-B251-8FA8BBBF1C02}.Debug|Any CPU.Build.0 = Debug|Any CPU
		{939FB818-68DF-4FFC-B251-8FA8BBBF1C02}.Release|Any CPU.ActiveCfg = Release|Any CPU
		{939FB818-68DF-4FFC-B251-8FA8BBBF1C02}.Release|Any CPU.Build.0 = Release|Any CPU
	EndGlobalSection
	GlobalSection(SolutionProperties) = preSolution
		HideSolutionNode = FALSE
	EndGlobalSection
	GlobalSection(ExtensibilityGlobals) = postSolution
		SolutionGuid = {5A0D85E7-78EB-41B7-9749-DA0E60D822AE}
	EndGlobalSection
EndGlobal
